
Microsoft Visual Studio Solution File, Format Version 12.00
# Visual Studio Version 17
VisualStudioVersion = 17.3.32825.248
MinimumVisualStudioVersion = 10.0.40219.1
Project("{8BC9CEB8-8B4A-11D0-8D11-00A0C91BC942}") = "GLAD", "GLAD\GLAD.vcxproj", "{0C03CDE2-8036-4A2D-8371-E29D11C49B0B}"
EndProject
Project("{8BC9CEB8-8B4A-11D0-8D11-00A0C91BC942}") = "SCION_UTILITIES", "SCION_UTILITIES\SCION_UTILITIES.vcxproj", "{7554576B-897A-4CD6-B89F-26BCC61CB401}"
EndProject
Project("{8BC9CEB8-8B4A-11D0-8D11-00A0C91BC942}") = "SCION_WINDOW", "SCION_WINDOW\SCION_WINDOW.vcxproj", "{087A6A3A-1033-4FAB-873A-5A4C856D6E0F}"
EndProject
Project("{8BC9CEB8-8B4A-11D0-8D11-00A0C91BC942}") = "SCION_EDITOR", "SCION_EDITOR\SCION_EDITOR.vcxproj", "{DE1FF9A6-384C-4650-B2D1-6CE35BC46969}"
EndProject
Project("{8BC9CEB8-8B4A-11D0-8D11-00A0C91BC942}") = "SOIL", "SOIL\SOIL.vcxproj", "{5358DC1E-FC64-41EE-A180-DC28344028DC}"
EndProject
Project("{8BC9CEB8-8B4A-11D0-8D11-00A0C91BC942}") = "SCION_RENDERING", "SCION_RENDERING\SCION_RENDERING.vcxproj", "{F4E7F6AD-7F77-4592-8F6D-0B812015D805}"
EndProject
Project("{8BC9CEB8-8B4A-11D0-8D11-00A0C91BC942}") = "SCION_LOGGER", "SCION_LOGGER\SCION_LOGGER.vcxproj", "{FD6B5DDD-AB4D-42FD-94D1-743406818FD7}"
EndProject
Project("{8BC9CEB8-8B4A-11D0-8D11-00A0C91BC942}") = "SCION_CORE", "SCION_CORE\SCION_CORE.vcxproj", "{FFFA50F2-8AB7-43A4-A807-2F4092D08828}"
EndProject
Project("{8BC9CEB8-8B4A-11D0-8D11-00A0C91BC942}") = "SCION_SOUNDS", "SCION_SOUNDS\SCION_SOUNDS.vcxproj", "{6701D331-7D05-4366-B6EC-321CE61210B0}"
EndProject
Project("{8BC9CEB8-8B4A-11D0-8D11-00A0C91BC942}") = "SCION_PHYSICS", "SCION_PHYSICS\SCION_PHYSICS.vcxproj", "{65815F51-122C-4263-9C5A-3544724537AF}"
EndProject
Global
	GlobalSection(SolutionConfigurationPlatforms) = preSolution
		Debug|x64 = Debug|x64
		Debug|x86 = Debug|x86
		Release|x64 = Release|x64
		Release|x86 = Release|x86
	EndGlobalSection
	GlobalSection(ProjectConfigurationPlatforms) = postSolution
		{0C03CDE2-8036-4A2D-8371-E29D11C49B0B}.Debug|x64.ActiveCfg = Debug|x64
		{0C03CDE2-8036-4A2D-8371-E29D11C49B0B}.Debug|x64.Build.0 = Debug|x64
		{0C03CDE2-8036-4A2D-8371-E29D11C49B0B}.Debug|x86.ActiveCfg = Debug|Win32
		{0C03CDE2-8036-4A2D-8371-E29D11C49B0B}.Debug|x86.Build.0 = Debug|Win32
		{0C03CDE2-8036-4A2D-8371-E29D11C49B0B}.Release|x64.ActiveCfg = Release|x64
		{0C03CDE2-8036-4A2D-8371-E29D11C49B0B}.Release|x64.Build.0 = Release|x64
		{0C03CDE2-8036-4A2D-8371-E29D11C49B0B}.Release|x86.ActiveCfg = Release|Win32
		{0C03CDE2-8036-4A2D-8371-E29D11C49B0B}.Release|x86.Build.0 = Release|Win32
		{7554576B-897A-4CD6-B89F-26BCC61CB401}.Debug|x64.ActiveCfg = Debug|x64
		{7554576B-897A-4CD6-B89F-26BCC61CB401}.Debug|x64.Build.0 = Debug|x64
		{7554576B-897A-4CD6-B89F-26BCC61CB401}.Debug|x86.ActiveCfg = Debug|Win32
		{7554576B-897A-4CD6-B89F-26BCC61CB401}.Debug|x86.Build.0 = Debug|Win32
		{7554576B-897A-4CD6-B89F-26BCC61CB401}.Release|x64.ActiveCfg = Release|x64
		{7554576B-897A-4CD6-B89F-26BCC61CB401}.Release|x64.Build.0 = Release|x64
		{7554576B-897A-4CD6-B89F-26BCC61CB401}.Release|x86.ActiveCfg = Release|Win32
		{7554576B-897A-4CD6-B89F-26BCC61CB401}.Release|x86.Build.0 = Release|Win32
		{087A6A3A-1033-4FAB-873A-5A4C856D6E0F}.Debug|x64.ActiveCfg = Debug|x64
		{087A6A3A-1033-4FAB-873A-5A4C856D6E0F}.Debug|x64.Build.0 = Debug|x64
		{087A6A3A-1033-4FAB-873A-5A4C856D6E0F}.Debug|x86.ActiveCfg = Debug|Win32
		{087A6A3A-1033-4FAB-873A-5A4C856D6E0F}.Debug|x86.Build.0 = Debug|Win32
		{087A6A3A-1033-4FAB-873A-5A4C856D6E0F}.Release|x64.ActiveCfg = Release|x64
		{087A6A3A-1033-4FAB-873A-5A4C856D6E0F}.Release|x64.Build.0 = Release|x64
		{087A6A3A-1033-4FAB-873A-5A4C856D6E0F}.Release|x86.ActiveCfg = Release|Win32
		{087A6A3A-1033-4FAB-873A-5A4C856D6E0F}.Release|x86.Build.0 = Release|Win32
		{DE1FF9A6-384C-4650-B2D1-6CE35BC46969}.Debug|x64.ActiveCfg = Debug|x64
		{DE1FF9A6-384C-4650-B2D1-6CE35BC46969}.Debug|x64.Build.0 = Debug|x64
		{DE1FF9A6-384C-4650-B2D1-6CE35BC46969}.Debug|x86.ActiveCfg = Debug|Win32
		{DE1FF9A6-384C-4650-B2D1-6CE35BC46969}.Debug|x86.Build.0 = Debug|Win32
		{DE1FF9A6-384C-4650-B2D1-6CE35BC46969}.Release|x64.ActiveCfg = Release|x64
		{DE1FF9A6-384C-4650-B2D1-6CE35BC46969}.Release|x64.Build.0 = Release|x64
		{DE1FF9A6-384C-4650-B2D1-6CE35BC46969}.Release|x86.ActiveCfg = Release|Win32
		{DE1FF9A6-384C-4650-B2D1-6CE35BC46969}.Release|x86.Build.0 = Release|Win32
		{5358DC1E-FC64-41EE-A180-DC28344028DC}.Debug|x64.ActiveCfg = Debug|x64
		{5358DC1E-FC64-41EE-A180-DC28344028DC}.Debug|x64.Build.0 = Debug|x64
		{5358DC1E-FC64-41EE-A180-DC28344028DC}.Debug|x86.ActiveCfg = Debug|Win32
		{5358DC1E-FC64-41EE-A180-DC28344028DC}.Debug|x86.Build.0 = Debug|Win32
		{5358DC1E-FC64-41EE-A180-DC28344028DC}.Release|x64.ActiveCfg = Release|x64
		{5358DC1E-FC64-41EE-A180-DC28344028DC}.Release|x64.Build.0 = Release|x64
		{5358DC1E-FC64-41EE-A180-DC28344028DC}.Release|x86.ActiveCfg = Release|Win32
		{5358DC1E-FC64-41EE-A180-DC28344028DC}.Release|x86.Build.0 = Release|Win32
		{F4E7F6AD-7F77-4592-8F6D-0B812015D805}.Debug|x64.ActiveCfg = Debug|x64
		{F4E7F6AD-7F77-4592-8F6D-0B812015D805}.Debug|x64.Build.0 = Debug|x64
		{F4E7F6AD-7F77-4592-8F6D-0B812015D805}.Debug|x86.ActiveCfg = Debug|Win32
		{F4E7F6AD-7F77-4592-8F6D-0B812015D805}.Debug|x86.Build.0 = Debug|Win32
		{F4E7F6AD-7F77-4592-8F6D-0B812015D805}.Release|x64.ActiveCfg = Release|x64
		{F4E7F6AD-7F77-4592-8F6D-0B812015D805}.Release|x64.Build.0 = Release|x64
		{F4E7F6AD-7F77-4592-8F6D-0B812015D805}.Release|x86.ActiveCfg = Release|Win32
		{F4E7F6AD-7F77-4592-8F6D-0B812015D805}.Release|x86.Build.0 = Release|Win32
		{FD6B5DDD-AB4D-42FD-94D1-743406818FD7}.Debug|x64.ActiveCfg = Debug|x64
		{FD6B5DDD-AB4D-42FD-94D1-743406818FD7}.Debug|x64.Build.0 = Debug|x64
		{FD6B5DDD-AB4D-42FD-94D1-743406818FD7}.Debug|x86.ActiveCfg = Debug|Win32
		{FD6B5DDD-AB4D-42FD-94D1-743406818FD7}.Debug|x86.Build.0 = Debug|Win32
		{FD6B5DDD-AB4D-42FD-94D1-743406818FD7}.Release|x64.ActiveCfg = Release|x64
		{FD6B5DDD-AB4D-42FD-94D1-743406818FD7}.Release|x64.Build.0 = Release|x64
		{FD6B5DDD-AB4D-42FD-94D1-743406818FD7}.Release|x86.ActiveCfg = Release|Win32
		{FD6B5DDD-AB4D-42FD-94D1-743406818FD7}.Release|x86.Build.0 = Release|Win32
		{FFFA50F2-8AB7-43A4-A807-2F4092D08828}.Debug|x64.ActiveCfg = Debug|x64
		{FFFA50F2-8AB7-43A4-A807-2F4092D08828}.Debug|x64.Build.0 = Debug|x64
		{FFFA50F2-8AB7-43A4-A807-2F4092D08828}.Debug|x86.ActiveCfg = Debug|Win32
		{FFFA50F2-8AB7-43A4-A807-2F4092D08828}.Debug|x86.Build.0 = Debug|Win32
		{FFFA50F2-8AB7-43A4-A807-2F4092D08828}.Release|x64.ActiveCfg = Release|x64
		{FFFA50F2-8AB7-43A4-A807-2F4092D08828}.Release|x64.Build.0 = Release|x64
		{FFFA50F2-8AB7-43A4-A807-2F4092D08828}.Release|x86.ActiveCfg = Release|Win32
		{FFFA50F2-8AB7-43A4-A807-2F4092D08828}.Release|x86.Build.0 = Release|Win32
		{6701D331-7D05-4366-B6EC-321CE61210B0}.Debug|x64.ActiveCfg = Debug|x64
		{6701D331-7D05-4366-B6EC-321CE61210B0}.Debug|x64.Build.0 = Debug|x64
		{6701D331-7D05-4366-B6EC-321CE61210B0}.Debug|x86.ActiveCfg = Debug|Win32
		{6701D331-7D05-4366-B6EC-321CE61210B0}.Debug|x86.Build.0 = Debug|Win32
		{6701D331-7D05-4366-B6EC-321CE61210B0}.Release|x64.ActiveCfg = Release|x64
		{6701D331-7D05-4366-B6EC-321CE61210B0}.Release|x64.Build.0 = Release|x64
		{6701D331-7D05-4366-B6EC-321CE61210B0}.Release|x86.ActiveCfg = Release|Win32
		{6701D331-7D05-4366-B6EC-321CE61210B0}.Release|x86.Build.0 = Release|Win32
		{65815F51-122C-4263-9C5A-3544724537AF}.Debug|x64.ActiveCfg = Debug|x64
		{65815F51-122C-4263-9C5A-3544724537AF}.Debug|x64.Build.0 = Debug|x64
		{65815F51-122C-4263-9C5A-3544724537AF}.Debug|x86.ActiveCfg = Debug|Win32
		{65815F51-122C-4263-9C5A-3544724537AF}.Debug|x86.Build.0 = Debug|Win32
		{65815F51-122C-4263-9C5A-3544724537AF}.Release|x64.ActiveCfg = Release|x64
		{65815F51-122C-4263-9C5A-3544724537AF}.Release|x64.Build.0 = Release|x64
		{65815F51-122C-4263-9C5A-3544724537AF}.Release|x86.ActiveCfg = Release|Win32
		{65815F51-122C-4263-9C5A-3544724537AF}.Release|x86.Build.0 = Release|Win32
	EndGlobalSection
	GlobalSection(SolutionProperties) = preSolution
		HideSolutionNode = FALSE
	EndGlobalSection
	GlobalSection(ExtensibilityGlobals) = postSolution
		SolutionGuid = {8735C58A-87CE-42C3-9B95-464C777EB289}
	EndGlobalSection
EndGlobal
