<?xml version="1.0" encoding="utf-8"?>
<Project ToolsVersion="4.0" xmlns="http://schemas.microsoft.com/developer/msbuild/2003">
  <ItemGroup>
    <Filter Include="Source Files">
      <UniqueIdentifier>{4FC737F1-C7A5-4376-A066-2A32D752A2FF}</UniqueIdentifier>
      <Extensions>cpp;c;cc;cxx;c++;cppm;ixx;def;odl;idl;hpj;bat;asm;asmx</Extensions>
    </Filter>
    <Filter Include="Header Files">
      <UniqueIdentifier>{93995380-89BD-4b04-88EB-625FBE52EBFB}</UniqueIdentifier>
      <Extensions>h;hh;hpp;hxx;h++;hm;inl;inc;ipp;xsd</Extensions>
    </Filter>
    <Filter Include="Resource Files">
      <UniqueIdentifier>{67DA6AB6-F800-4c08-8B7A-83BB121AAD01}</UniqueIdentifier>
      <Extensions>rc;ico;cur;bmp;dlg;rc2;rct;bin;rgs;gif;jpg;jpeg;jpe;resx;tiff;tif;png;wav;mfcribbon-ms</Extensions>
    </Filter>
  </ItemGroup>
  <ItemGroup>
    <ClCompile Include="src\main.cpp">
      <Filter>Source Files</Filter>
    </ClCompile>
    <ClCompile Include="src\Application.cpp">
      <Filter>Source Files</Filter>
    </ClCompile>
    <ClCompile Include="src\editor\displays\SceneDisplay.cpp">
      <Filter>Source Files</Filter>
    </ClCompile>
  </ItemGroup>
  <ItemGroup>
    <None Include="assets\shaders\basicShader.vert" />
    <None Include="assets\shaders\basicShader.frag" />
    <None Include="assets\scripts\main.lua" />
    <None Include="assets\scripts\asteroids\entityDefs.lua" />
    <None Include="assets\scripts\asteroids\utilities.lua" />
    <None Include="assets\scripts\asteroids\assetDefs.lua" />
    <None Include="assets\scripts\asteroids\ship.lua" />
    <None Include="assets\scripts\asteroids\asteroid.lua" />
    <None Include="assets\scripts\asteroids\collision_system.lua" />
    <None Include="assets\scripts\asteroids\projectile.lua" />
    <None Include="assets\scripts\asteroids\game_data.lua" />
    <None Include="assets\scripts\asteroids\hud.lua" />
    <None Include="assets\scripts\asteroids\script_list.lua" />
    <None Include="assets\scripts\utilities\utilities.lua" />
    <None Include="assets\scripts\TestProject\assetDefs.lua" />
    <None Include="assets\shaders\colorShader.vert" />
    <None Include="assets\shaders\colorShader.frag" />
    <None Include="assets\shaders\circleShader.vert" />
    <None Include="assets\shaders\circleShader.frag" />
    <None Include="assets\shaders\fontShader.vert" />
    <None Include="assets\shaders\fontShader.frag" />
    <None Include="assets\scripts\utilities\follow_cam.lua" />
    <None Include="assets\scripts\utilities\lua_test_scripts.lua" />
    <None Include="assets\scripts\events\event_manager.lua" />
    <None Include="assets\scripts\events\collision_event.lua" />
    <None Include="assets\scripts\systems\trigger_system.lua" />
    <None Include="assets\scripts\game_states\game_state.lua" />
    <None Include="assets\scripts\game_states\title_state.lua" />
    <None Include="assets\scripts\utilities\scene_dimmer.lua" />
  </ItemGroup>
  <ItemGroup>
    <ClInclude Include="src\Application.h">
      <Filter>Header Files</Filter>
    </ClInclude>
    <ClInclude Include="assets\scripts\utilities\rain_generator.lua">
      <Filter>Header Files</Filter>
    </ClInclude>
    <ClInclude Include="src\editor\displays\SceneDisplay.h">
      <Filter>Header Files</Filter>
    </ClInclude>
  </ItemGroup>
</Project>